
Microsoft Visual Studio Solution File, Format Version 12.00
# Visual Studio 2012
Project("{FAE04EC0-301F-11D3-BF4B-00C04F79EFBC}") = "GenerateAttributeConstants", "GenerateAttributeConstants\GenerateAttributeConstants.csproj", "{E0A0478C-94AE-4EF9-BC4B-9DEA02F03EBE}"
EndProject
Global
	GlobalSection(SolutionConfigurationPlatforms) = preSolution
		Debug|Any CPU = Debug|Any CPU
		Release|Any CPU = Release|Any CPU
	EndGlobalSection
	GlobalSection(ProjectConfigurationPlatforms) = postSolution
		{E0A0478C-94AE-4EF9-BC4B-9DEA02F03EBE}.Debug|Any CPU.ActiveCfg = Debug|Any CPU
		{E0A0478C-94AE-4EF9-BC4B-9DEA02F03EBE}.Debug|Any CPU.Build.0 = Debug|Any CPU
		{E0A0478C-94AE-4EF9-BC4B-9DEA02F03EBE}.Release|Any CPU.ActiveCfg = Release|Any CPU
		{E0A0478C-94AE-4EF9-BC4B-9DEA02F03EBE}.Release|Any CPU.Build.0 = Release|Any CPU
	EndGlobalSection
	GlobalSection(SolutionProperties) = preSolution
		HideSolutionNode = FALSE
	EndGlobalSection
EndGlobal
